
Microsoft Visual Studio Solution File, Format Version 12.00
# Visual Studio Version 17
VisualStudioVersion = 17.9.34728.123
MinimumVisualStudioVersion = 10.0.40219.1
Project("{FAE04EC0-301F-11D3-BF4B-00C04F79EFBC}") = "Rabbit_YouToBeeDownload", "Rabbit_YouToBeeDownload.csproj", "{7438C39C-AA7F-479B-A97C-94C0D6525EBD}"
EndProject
Global
	GlobalSection(SolutionConfigurationPlatforms) = preSolution
		Debug|Any CPU = Debug|Any CPU
		Release|Any CPU = Release|Any CPU
	EndGlobalSection
	GlobalSection(ProjectConfigurationPlatforms) = postSolution
		{7438C39C-AA7F-479B-A97C-94C0D6525EBD}.Debug|Any CPU.ActiveCfg = Debug|Any CPU
		{7438C39C-AA7F-479B-A97C-94C0D6525EBD}.Debug|Any CPU.Build.0 = Debug|Any CPU
		{7438C39C-AA7F-479B-A97C-94C0D6525EBD}.Release|Any CPU.ActiveCfg = Release|Any CPU
		{7438C39C-AA7F-479B-A97C-94C0D6525EBD}.Release|Any CPU.Build.0 = Release|Any CPU
	EndGlobalSection
	GlobalSection(SolutionProperties) = preSolution
		HideSolutionNode = FALSE
	EndGlobalSection
	GlobalSection(ExtensibilityGlobals) = postSolution
		SolutionGuid = {B40C0645-E668-4B4E-BED2-98701BE732A4}
	EndGlobalSection
EndGlobal
